
Microsoft Visual Studio Solution File, Format Version 12.00
# Visual Studio Version 17
VisualStudioVersion = 17.3.32901.215
MinimumVisualStudioVersion = 10.0.40219.1
Project("{8BC9CEB8-8B4A-11D0-8D11-00A0C91BC942}") = "lab_3.1", "lab_3.1\lab_3.1.vcxproj", "{D7E28BC2-2AEE-4492-9BE3-BEA71997DCCD}"
EndProject
Global
	GlobalSection(SolutionConfigurationPlatforms) = preSolution
		Debug|x64 = Debug|x64
		Debug|x86 = Debug|x86
		Release|x64 = Release|x64
		Release|x86 = Release|x86
	EndGlobalSection
	GlobalSection(ProjectConfigurationPlatforms) = postSolution
		{D7E28BC2-2AEE-4492-9BE3-BEA71997DCCD}.Debug|x64.ActiveCfg = Debug|x64
		{D7E28BC2-2AEE-4492-9BE3-BEA71997DCCD}.Debug|x64.Build.0 = Debug|x64
		{D7E28BC2-2AEE-4492-9BE3-BEA71997DCCD}.Debug|x86.ActiveCfg = Debug|Win32
		{D7E28BC2-2AEE-4492-9BE3-BEA71997DCCD}.Debug|x86.Build.0 = Debug|Win32
		{D7E28BC2-2AEE-4492-9BE3-BEA71997DCCD}.Release|x64.ActiveCfg = Release|x64
		{D7E28BC2-2AEE-4492-9BE3-BEA71997DCCD}.Release|x64.Build.0 = Release|x64
		{D7E28BC2-2AEE-4492-9BE3-BEA71997DCCD}.Release|x86.ActiveCfg = Release|Win32
		{D7E28BC2-2AEE-4492-9BE3-BEA71997DCCD}.Release|x86.Build.0 = Release|Win32
	EndGlobalSection
	GlobalSection(SolutionProperties) = preSolution
		HideSolutionNode = FALSE
	EndGlobalSection
	GlobalSection(ExtensibilityGlobals) = postSolution
		SolutionGuid = {B3E9CC7B-02F1-4B1D-802D-7CADF6D0844A}
	EndGlobalSection
EndGlobal
